
Microsoft Visual Studio Solution File, Format Version 12.00
# Visual Studio Version 17
VisualStudioVersion = 17.3.32804.467
MinimumVisualStudioVersion = 10.0.40219.1
Project("{FAE04EC0-301F-11D3-BF4B-00C04F79EFBC}") = "MyFirstConsoleApp", "MyFirstConsoleApp\MyFirstConsoleApp.csproj", "{AAE75237-7980-4952-A499-48D4FE0F4B76}"
EndProject
Project("{FAE04EC0-301F-11D3-BF4B-00C04F79EFBC}") = "ConsoleApp2", "ConsoleApp2\ConsoleApp2.csproj", "{5E5A2A87-5061-43C5-952F-936E1FF892BE}"
EndProject
Project("{FAE04EC0-301F-11D3-BF4B-00C04F79EFBC}") = "ConsoleApp3", "ConsoleApp3\ConsoleApp3.csproj", "{5DD89B74-448E-434B-83A2-5934146A2DBA}"
EndProject
Project("{FAE04EC0-301F-11D3-BF4B-00C04F79EFBC}") = "ConsoleApp4", "ConsoleApp4\ConsoleApp4.csproj", "{D12204B6-D68E-453D-BE4C-6D6FB82F522C}"
EndProject
Project("{FAE04EC0-301F-11D3-BF4B-00C04F79EFBC}") = "EmployeeManagementSystem", "EmployeeManagementSystem\EmployeeManagementSystem.csproj", "{FAA232D4-141E-48FA-B11B-8814C65F4B5A}"
EndProject
Project("{FAE04EC0-301F-11D3-BF4B-00C04F79EFBC}") = "LabsNRef", "LabsNRef\LabsNRef.csproj", "{C721D5D9-354F-4F76-A15C-FBD5B3989F45}"
EndProject
Global
	GlobalSection(SolutionConfigurationPlatforms) = preSolution
		Debug|Any CPU = Debug|Any CPU
		Release|Any CPU = Release|Any CPU
	EndGlobalSection
	GlobalSection(ProjectConfigurationPlatforms) = postSolution
		{AAE75237-7980-4952-A499-48D4FE0F4B76}.Debug|Any CPU.ActiveCfg = Debug|Any CPU
		{AAE75237-7980-4952-A499-48D4FE0F4B76}.Debug|Any CPU.Build.0 = Debug|Any CPU
		{AAE75237-7980-4952-A499-48D4FE0F4B76}.Release|Any CPU.ActiveCfg = Release|Any CPU
		{AAE75237-7980-4952-A499-48D4FE0F4B76}.Release|Any CPU.Build.0 = Release|Any CPU
		{5E5A2A87-5061-43C5-952F-936E1FF892BE}.Debug|Any CPU.ActiveCfg = Debug|Any CPU
		{5E5A2A87-5061-43C5-952F-936E1FF892BE}.Debug|Any CPU.Build.0 = Debug|Any CPU
		{5E5A2A87-5061-43C5-952F-936E1FF892BE}.Release|Any CPU.ActiveCfg = Release|Any CPU
		{5E5A2A87-5061-43C5-952F-936E1FF892BE}.Release|Any CPU.Build.0 = Release|Any CPU
		{5DD89B74-448E-434B-83A2-5934146A2DBA}.Debug|Any CPU.ActiveCfg = Debug|Any CPU
		{5DD89B74-448E-434B-83A2-5934146A2DBA}.Debug|Any CPU.Build.0 = Debug|Any CPU
		{5DD89B74-448E-434B-83A2-5934146A2DBA}.Release|Any CPU.ActiveCfg = Release|Any CPU
		{5DD89B74-448E-434B-83A2-5934146A2DBA}.Release|Any CPU.Build.0 = Release|Any CPU
		{D12204B6-D68E-453D-BE4C-6D6FB82F522C}.Debug|Any CPU.ActiveCfg = Debug|Any CPU
		{D12204B6-D68E-453D-BE4C-6D6FB82F522C}.Debug|Any CPU.Build.0 = Debug|Any CPU
		{D12204B6-D68E-453D-BE4C-6D6FB82F522C}.Release|Any CPU.ActiveCfg = Release|Any CPU
		{D12204B6-D68E-453D-BE4C-6D6FB82F522C}.Release|Any CPU.Build.0 = Release|Any CPU
		{FAA232D4-141E-48FA-B11B-8814C65F4B5A}.Debug|Any CPU.ActiveCfg = Debug|Any CPU
		{FAA232D4-141E-48FA-B11B-8814C65F4B5A}.Debug|Any CPU.Build.0 = Debug|Any CPU
		{FAA232D4-141E-48FA-B11B-8814C65F4B5A}.Release|Any CPU.ActiveCfg = Release|Any CPU
		{FAA232D4-141E-48FA-B11B-8814C65F4B5A}.Release|Any CPU.Build.0 = Release|Any CPU
		{C721D5D9-354F-4F76-A15C-FBD5B3989F45}.Debug|Any CPU.ActiveCfg = Debug|Any CPU
		{C721D5D9-354F-4F76-A15C-FBD5B3989F45}.Debug|Any CPU.Build.0 = Debug|Any CPU
		{C721D5D9-354F-4F76-A15C-FBD5B3989F45}.Release|Any CPU.ActiveCfg = Release|Any CPU
		{C721D5D9-354F-4F76-A15C-FBD5B3989F45}.Release|Any CPU.Build.0 = Release|Any CPU
	EndGlobalSection
	GlobalSection(SolutionProperties) = preSolution
		HideSolutionNode = FALSE
	EndGlobalSection
	GlobalSection(ExtensibilityGlobals) = postSolution
		SolutionGuid = {019F91EE-C387-4666-9B66-DD1B9E979CA5}
	EndGlobalSection
EndGlobal
