
Microsoft Visual Studio Solution File, Format Version 12.00
# Visual Studio Version 17
VisualStudioVersion = 17.3.32804.467
MinimumVisualStudioVersion = 10.0.40219.1
Project("{9A19103F-16F7-4668-BE54-9A1E7A4F7556}") = "MyFirstConsoleApp", "MyFirstConsoleApp\MyFirstConsoleApp.csproj", "{AAE75237-7980-4952-A499-48D4FE0F4B76}"
EndProject
Project("{9A19103F-16F7-4668-BE54-9A1E7A4F7556}") = "ConsoleApp2", "ConsoleApp2\ConsoleApp2.csproj", "{5E5A2A87-5061-43C5-952F-936E1FF892BE}"
EndProject
Project("{9A19103F-16F7-4668-BE54-9A1E7A4F7556}") = "ConsoleApp3", "ConsoleApp3\ConsoleApp3.csproj", "{5DD89B74-448E-434B-83A2-5934146A2DBA}"
EndProject
Project("{9A19103F-16F7-4668-BE54-9A1E7A4F7556}") = "ConsoleApp4", "ConsoleApp4\ConsoleApp4.csproj", "{D12204B6-D68E-453D-BE4C-6D6FB82F522C}"
EndProject
Project("{9A19103F-16F7-4668-BE54-9A1E7A4F7556}") = "EmployeeManagementSystem", "EmployeeManagementSystem\EmployeeManagementSystem.csproj", "{FAA232D4-141E-48FA-B11B-8814C65F4B5A}"
EndProject
Project("{9A19103F-16F7-4668-BE54-9A1E7A4F7556}") = "LabsNRef", "LabsNRef\LabsNRef.csproj", "{C721D5D9-354F-4F76-A15C-FBD5B3989F45}"
EndProject
Project("{9A19103F-16F7-4668-BE54-9A1E7A4F7556}") = "TrainerTraineeApp", "TrainerTraineeApp\TrainerTraineeApp.csproj", "{EC154C5B-01E8-4A1B-8BAB-975E46FED18D}"
EndProject
Project("{9A19103F-16F7-4668-BE54-9A1E7A4F7556}") = "SimpleMathClassLibrary", "SimpleMathClassLibrary\SimpleMathClassLibrary.csproj", "{BCD70F42-B32E-41F7-ADC9-F4167E1F8054}"
EndProject
Project("{2150E333-8FDC-42A3-9474-1A3956D46DE8}") = "SimpleMathApplication", "SimpleMathApplication", "{A6AB8166-B3FD-45D7-8581-1600D4AE87AE}"
EndProject
Project("{2150E333-8FDC-42A3-9474-1A3956D46DE8}") = "Presentation Layer", "Presentation Layer", "{FC83F4CC-E0AA-4630-9CB3-A218B7DADCCD}"
EndProject
Project("{2150E333-8FDC-42A3-9474-1A3956D46DE8}") = "Business Layer", "Business Layer", "{BB09AF1F-963E-4977-9FFC-07E0C1435888}"
EndProject
Project("{9A19103F-16F7-4668-BE54-9A1E7A4F7556}") = "SimpleMathWinFormsApp", "SimpleMathWinFormsApp\SimpleMathWinFormsApp.csproj", "{A93B4FC1-E791-472E-A314-C4F3F3379A59}"
EndProject
Project("{9A19103F-16F7-4668-BE54-9A1E7A4F7556}") = "CompanyOrdersApp", "CompanyOrdersApp\CompanyOrdersApp.csproj", "{90E93DDB-F64F-4459-8DA5-0083A6278BF7}"
EndProject
Project("{2150E333-8FDC-42A3-9474-1A3956D46DE8}") = "OO Demos", "OO Demos", "{EAB527D4-FB74-42D0-AEF2-9480AA5735F8}"
EndProject
Project("{9A19103F-16F7-4668-BE54-9A1E7A4F7556}") = "OODemo1", "OODemo1\OODemo1.csproj", "{75738243-BAA6-434A-9CDF-33836735A32A}"
EndProject
Project("{9A19103F-16F7-4668-BE54-9A1E7A4F7556}") = "ILDLanguagesDemo", "ILDLanguagesDemo\ILDLanguagesDemo.csproj", "{EACD7579-24EB-4032-BF74-2C6125C62403}"
EndProject
Project("{9A19103F-16F7-4668-BE54-9A1E7A4F7556}") = "ConsoleApp1", "ConsoleApp1\ConsoleApp1.csproj", "{FE7BD5E0-31FF-45A0-AFDD-CD7C4304C19B}"
EndProject
Project("{2150E333-8FDC-42A3-9474-1A3956D46DE8}") = "Collections Demo", "Collections Demo", "{34A63B4C-9704-4DF0-8C0D-6C8DB7414098}"
EndProject
Project("{9A19103F-16F7-4668-BE54-9A1E7A4F7556}") = "CollectionsDemo1", "CollectionsDemo1\CollectionsDemo1.csproj", "{CA08316C-ECE0-4B0B-92B6-1844942976D6}"
EndProject
Project("{9A19103F-16F7-4668-BE54-9A1E7A4F7556}") = "DynamicCollectionDemo1", "DynamicCollectionDemo1\DynamicCollectionDemo1.csproj", "{41CA7336-900C-4331-B2B6-7A2FCEE3CE7E}"
EndProject
Project("{9A19103F-16F7-4668-BE54-9A1E7A4F7556}") = "DynamicCollectionDemo2", "DynamicCollectionDemo2\DynamicCollectionDemo2.csproj", "{923FC68D-5A2F-4070-B25C-83E220F3D59E}"
EndProject
Project("{2150E333-8FDC-42A3-9474-1A3956D46DE8}") = "Exceptions Demo", "Exceptions Demo", "{8CC230FD-926B-448A-B6C5-115A0AC48AC8}"
EndProject
Project("{9A19103F-16F7-4668-BE54-9A1E7A4F7556}") = "ExceptionsDemo1", "ExceptionsDemo1\ExceptionsDemo1.csproj", "{12521C15-B9E5-497C-9254-ABFD93B8106F}"
EndProject
Project("{9A19103F-16F7-4668-BE54-9A1E7A4F7556}") = "ExDemo2", "ExDemo2\ExDemo2.csproj", "{AAD75583-3B61-4B3C-9C46-F2ED6E998DEB}"
EndProject
Project("{9A19103F-16F7-4668-BE54-9A1E7A4F7556}") = "ExceptionsWithNLogDemo", "ExceptionsWithNLogDemo\ExceptionsWithNLogDemo.csproj", "{26140DC8-A859-4431-9D6E-76EE95D90F3D}"
EndProject
Project("{2150E333-8FDC-42A3-9474-1A3956D46DE8}") = "Delegates Demo", "Delegates Demo", "{617C74E0-9608-46BF-B459-6D909E11C526}"
EndProject
Project("{9A19103F-16F7-4668-BE54-9A1E7A4F7556}") = "DelegatesDemo1", "DelegatesDemo1\DelegatesDemo1.csproj", "{9742C499-7B1E-496F-9D97-11D32CE7A82F}"
EndProject
Project("{9A19103F-16F7-4668-BE54-9A1E7A4F7556}") = "DelegatesDemo2", "DelegatesDemo2\DelegatesDemo2.csproj", "{015EC51C-19F2-417F-8A0E-3B9CAAC177A9}"
EndProject
Project("{9A19103F-16F7-4668-BE54-9A1E7A4F7556}") = "LambdaDemo1", "LambdaDemo1\LambdaDemo1.csproj", "{43A3C556-3FD3-4B58-A551-FB1F90F38D3F}"
EndProject
Project("{9A19103F-16F7-4668-BE54-9A1E7A4F7556}") = "DelegatesDemo3", "DelegatesDemo3\DelegatesDemo3.csproj", "{E7B15ADB-139B-49E6-AD0B-F318876F1EAF}"
EndProject
Project("{9A19103F-16F7-4668-BE54-9A1E7A4F7556}") = "ConsoleApp5", "ConsoleApp5\ConsoleApp5.csproj", "{6FB1A447-9311-49E5-AE7B-417D74F1F8BF}"
EndProject
Project("{2150E333-8FDC-42A3-9474-1A3956D46DE8}") = "File IO Demos", "File IO Demos", "{23A60CB1-3A62-4509-B8A1-FFF447EB86C0}"
EndProject
Project("{9A19103F-16F7-4668-BE54-9A1E7A4F7556}") = "FileIODemo1", "FileIODemo1\FileIODemo1.csproj", "{0300DF4F-DCCD-4B79-98EB-1963E71C3374}"
EndProject
Project("{2150E333-8FDC-42A3-9474-1A3956D46DE8}") = "Contact Management app", "Contact Management app", "{1BE9535F-F155-4A09-BDB7-59289F4CEF85}"
EndProject
Project("{2150E333-8FDC-42A3-9474-1A3956D46DE8}") = "Presentation Layer", "Presentation Layer", "{AFB0D96B-39E8-4602-B9C7-FC6DE9E41380}"
EndProject
Project("{2150E333-8FDC-42A3-9474-1A3956D46DE8}") = "Data Access Layer", "Data Access Layer", "{F5A4B450-4171-4497-B4DC-75FA187AB6E0}"
EndProject
Project("{9A19103F-16F7-4668-BE54-9A1E7A4F7556}") = "ContactManagement.ConsoleApp", "ContactManagement.ConsoleApp\ContactManagement.ConsoleApp.csproj", "{0613D083-B225-47F7-8759-21EF5C1A8A2E}"
EndProject
Project("{9A19103F-16F7-4668-BE54-9A1E7A4F7556}") = "ContactManagement.DataAccess", "ContactManagement.DataAccess\ContactManagement.DataAccess.csproj", "{8C237C04-4BE5-4EA4-B6CA-5F473A94CB54}"
EndProject
Project("{2150E333-8FDC-42A3-9474-1A3956D46DE8}") = "Multi Threading Demos", "Multi Threading Demos", "{1586AF31-E736-43BC-8170-C2B96B7888AC}"
EndProject
Project("{9A19103F-16F7-4668-BE54-9A1E7A4F7556}") = "MTDemo1", "MTDemo1\MTDemo1.csproj", "{F3F22370-7D14-4190-8733-E61B95B71BE2}"
EndProject
Project("{9A19103F-16F7-4668-BE54-9A1E7A4F7556}") = "ConsoleApp6", "ConsoleApp6\ConsoleApp6.csproj", "{EA28B4DB-AA59-4E17-A32C-66083D3F0A7C}"
EndProject
Project("{9A19103F-16F7-4668-BE54-9A1E7A4F7556}") = "MTDemo2", "MTDemo2\MTDemo2.csproj", "{2260BA6D-D209-4CA6-A0B5-A0C67919D98B}"
EndProject
Project("{9A19103F-16F7-4668-BE54-9A1E7A4F7556}") = "MTDemo4", "MTDemo4\MTDemo4.csproj", "{2A20A35F-3128-47D2-B6CC-CB661DA90270}"
EndProject
Project("{9A19103F-16F7-4668-BE54-9A1E7A4F7556}") = "ConsoleApp7", "ConsoleApp7\ConsoleApp7.csproj", "{D323FA12-0673-451B-97A4-00E35BE1B9CA}"
EndProject
Project("{9A19103F-16F7-4668-BE54-9A1E7A4F7556}") = "MTDemo3", "MTDemo3\MTDemo3.csproj", "{E4BED55C-B427-4E05-808F-EFE6DA19AFB8}"
EndProject
Project("{9A19103F-16F7-4668-BE54-9A1E7A4F7556}") = "MTDemo5", "MTDemo5\MTDemo5.csproj", "{E5F416A7-5C80-4818-9A8C-1FA649EBEA1A}"
EndProject
Project("{9A19103F-16F7-4668-BE54-9A1E7A4F7556}") = "MTDemo6", "MTDemo6\MTDemo6.csproj", "{F4ED00BF-3A16-44C7-8201-D1155CAB4E5E}"
EndProject
Project("{9A19103F-16F7-4668-BE54-9A1E7A4F7556}") = "MTDemo7", "MTDemo7\MTDemo7.csproj", "{68CB2D59-D958-49F1-BDB0-B1FB5011DB40}"
EndProject
Project("{2150E333-8FDC-42A3-9474-1A3956D46DE8}") = "Unit Testing Demos", "Unit Testing Demos", "{EC5C5F24-2E2B-437A-8169-FD81774B9685}"
EndProject
Project("{9A19103F-16F7-4668-BE54-9A1E7A4F7556}") = "CalculatorClassLibrary", "CalculatorClassLibrary\CalculatorClassLibrary.csproj", "{2E2404C2-CB9D-41B2-831A-DC53845B6410}"
EndProject
Project("{9A19103F-16F7-4668-BE54-9A1E7A4F7556}") = "CalculatorClassLibraryTestProject", "CalculatorClassLibraryTestProject\CalculatorClassLibraryTestProject.csproj", "{5E4B552C-8660-43F4-A45E-E4531032BE5C}"
EndProject
Project("{2150E333-8FDC-42A3-9474-1A3956D46DE8}") = "AI Recommender Case Study", "AI Recommender Case Study", "{3AE1ED5F-3501-4DB7-B33E-2BBD089C6739}"
EndProject
Project("{9A19103F-16F7-4668-BE54-9A1E7A4F7556}") = "AIRecommendationEngine.Recommendor", "AIRecommendationEngine.Recommendor\AIRecommendationEngine.Recommendor.csproj", "{443ECB96-B9B9-45E2-9B05-E8560CC5BF83}"
EndProject
Project("{2150E333-8FDC-42A3-9474-1A3956D46DE8}") = "Module 1", "Module 1", "{366DA046-6B56-428E-BC2C-471C94D34A4C}"
EndProject
Project("{9A19103F-16F7-4668-BE54-9A1E7A4F7556}") = "AIRecommendationEngine.RecommenderTest", "AIRecommendationEngine.RecommenderTest\AIRecommendationEngine.RecommenderTest.csproj", "{5FF85234-F564-4CB3-AE49-60B1A5B2F61C}"
EndProject
Project("{2150E333-8FDC-42A3-9474-1A3956D46DE8}") = "Module 2", "Module 2", "{39CC9946-A3CA-4224-84B4-FB0402136DFF}"
EndProject
Project("{9A19103F-16F7-4668-BE54-9A1E7A4F7556}") = "AIRecommendationEngine.DataLoader", "AIRecommendationEngine.DataLoader\AIRecommendationEngine.DataLoader.csproj", "{A1B1FA79-5BC9-48CB-8914-F1CB33325FBA}"
EndProject
Project("{2150E333-8FDC-42A3-9474-1A3956D46DE8}") = "Module 3", "Module 3", "{5E0E9870-B0F1-477C-A277-95DB6B70DEF6}"
EndProject
Global
	GlobalSection(SolutionConfigurationPlatforms) = preSolution
		Debug|Any CPU = Debug|Any CPU
		Release|Any CPU = Release|Any CPU
	EndGlobalSection
	GlobalSection(ProjectConfigurationPlatforms) = postSolution
		{AAE75237-7980-4952-A499-48D4FE0F4B76}.Debug|Any CPU.ActiveCfg = Debug|Any CPU
		{AAE75237-7980-4952-A499-48D4FE0F4B76}.Debug|Any CPU.Build.0 = Debug|Any CPU
		{AAE75237-7980-4952-A499-48D4FE0F4B76}.Release|Any CPU.ActiveCfg = Release|Any CPU
		{AAE75237-7980-4952-A499-48D4FE0F4B76}.Release|Any CPU.Build.0 = Release|Any CPU
		{5E5A2A87-5061-43C5-952F-936E1FF892BE}.Debug|Any CPU.ActiveCfg = Debug|Any CPU
		{5E5A2A87-5061-43C5-952F-936E1FF892BE}.Debug|Any CPU.Build.0 = Debug|Any CPU
		{5E5A2A87-5061-43C5-952F-936E1FF892BE}.Release|Any CPU.ActiveCfg = Release|Any CPU
		{5E5A2A87-5061-43C5-952F-936E1FF892BE}.Release|Any CPU.Build.0 = Release|Any CPU
		{5DD89B74-448E-434B-83A2-5934146A2DBA}.Debug|Any CPU.ActiveCfg = Debug|Any CPU
		{5DD89B74-448E-434B-83A2-5934146A2DBA}.Debug|Any CPU.Build.0 = Debug|Any CPU
		{5DD89B74-448E-434B-83A2-5934146A2DBA}.Release|Any CPU.ActiveCfg = Release|Any CPU
		{5DD89B74-448E-434B-83A2-5934146A2DBA}.Release|Any CPU.Build.0 = Release|Any CPU
		{D12204B6-D68E-453D-BE4C-6D6FB82F522C}.Debug|Any CPU.ActiveCfg = Debug|Any CPU
		{D12204B6-D68E-453D-BE4C-6D6FB82F522C}.Debug|Any CPU.Build.0 = Debug|Any CPU
		{D12204B6-D68E-453D-BE4C-6D6FB82F522C}.Release|Any CPU.ActiveCfg = Release|Any CPU
		{D12204B6-D68E-453D-BE4C-6D6FB82F522C}.Release|Any CPU.Build.0 = Release|Any CPU
		{FAA232D4-141E-48FA-B11B-8814C65F4B5A}.Debug|Any CPU.ActiveCfg = Debug|Any CPU
		{FAA232D4-141E-48FA-B11B-8814C65F4B5A}.Debug|Any CPU.Build.0 = Debug|Any CPU
		{FAA232D4-141E-48FA-B11B-8814C65F4B5A}.Release|Any CPU.ActiveCfg = Release|Any CPU
		{FAA232D4-141E-48FA-B11B-8814C65F4B5A}.Release|Any CPU.Build.0 = Release|Any CPU
		{C721D5D9-354F-4F76-A15C-FBD5B3989F45}.Debug|Any CPU.ActiveCfg = Debug|Any CPU
		{C721D5D9-354F-4F76-A15C-FBD5B3989F45}.Debug|Any CPU.Build.0 = Debug|Any CPU
		{C721D5D9-354F-4F76-A15C-FBD5B3989F45}.Release|Any CPU.ActiveCfg = Release|Any CPU
		{C721D5D9-354F-4F76-A15C-FBD5B3989F45}.Release|Any CPU.Build.0 = Release|Any CPU
		{EC154C5B-01E8-4A1B-8BAB-975E46FED18D}.Debug|Any CPU.ActiveCfg = Debug|Any CPU
		{EC154C5B-01E8-4A1B-8BAB-975E46FED18D}.Debug|Any CPU.Build.0 = Debug|Any CPU
		{EC154C5B-01E8-4A1B-8BAB-975E46FED18D}.Release|Any CPU.ActiveCfg = Release|Any CPU
		{EC154C5B-01E8-4A1B-8BAB-975E46FED18D}.Release|Any CPU.Build.0 = Release|Any CPU
		{BCD70F42-B32E-41F7-ADC9-F4167E1F8054}.Debug|Any CPU.ActiveCfg = Debug|Any CPU
		{BCD70F42-B32E-41F7-ADC9-F4167E1F8054}.Debug|Any CPU.Build.0 = Debug|Any CPU
		{BCD70F42-B32E-41F7-ADC9-F4167E1F8054}.Release|Any CPU.ActiveCfg = Release|Any CPU
		{BCD70F42-B32E-41F7-ADC9-F4167E1F8054}.Release|Any CPU.Build.0 = Release|Any CPU
		{A93B4FC1-E791-472E-A314-C4F3F3379A59}.Debug|Any CPU.ActiveCfg = Debug|Any CPU
		{A93B4FC1-E791-472E-A314-C4F3F3379A59}.Debug|Any CPU.Build.0 = Debug|Any CPU
		{A93B4FC1-E791-472E-A314-C4F3F3379A59}.Release|Any CPU.ActiveCfg = Release|Any CPU
		{A93B4FC1-E791-472E-A314-C4F3F3379A59}.Release|Any CPU.Build.0 = Release|Any CPU
		{90E93DDB-F64F-4459-8DA5-0083A6278BF7}.Debug|Any CPU.ActiveCfg = Debug|Any CPU
		{90E93DDB-F64F-4459-8DA5-0083A6278BF7}.Debug|Any CPU.Build.0 = Debug|Any CPU
		{90E93DDB-F64F-4459-8DA5-0083A6278BF7}.Release|Any CPU.ActiveCfg = Release|Any CPU
		{90E93DDB-F64F-4459-8DA5-0083A6278BF7}.Release|Any CPU.Build.0 = Release|Any CPU
		{75738243-BAA6-434A-9CDF-33836735A32A}.Debug|Any CPU.ActiveCfg = Debug|Any CPU
		{75738243-BAA6-434A-9CDF-33836735A32A}.Debug|Any CPU.Build.0 = Debug|Any CPU
		{75738243-BAA6-434A-9CDF-33836735A32A}.Release|Any CPU.ActiveCfg = Release|Any CPU
		{75738243-BAA6-434A-9CDF-33836735A32A}.Release|Any CPU.Build.0 = Release|Any CPU
		{EACD7579-24EB-4032-BF74-2C6125C62403}.Debug|Any CPU.ActiveCfg = Debug|Any CPU
		{EACD7579-24EB-4032-BF74-2C6125C62403}.Debug|Any CPU.Build.0 = Debug|Any CPU
		{EACD7579-24EB-4032-BF74-2C6125C62403}.Release|Any CPU.ActiveCfg = Release|Any CPU
		{EACD7579-24EB-4032-BF74-2C6125C62403}.Release|Any CPU.Build.0 = Release|Any CPU
		{FE7BD5E0-31FF-45A0-AFDD-CD7C4304C19B}.Debug|Any CPU.ActiveCfg = Debug|Any CPU
		{FE7BD5E0-31FF-45A0-AFDD-CD7C4304C19B}.Debug|Any CPU.Build.0 = Debug|Any CPU
		{FE7BD5E0-31FF-45A0-AFDD-CD7C4304C19B}.Release|Any CPU.ActiveCfg = Release|Any CPU
		{FE7BD5E0-31FF-45A0-AFDD-CD7C4304C19B}.Release|Any CPU.Build.0 = Release|Any CPU
		{CA08316C-ECE0-4B0B-92B6-1844942976D6}.Debug|Any CPU.ActiveCfg = Debug|Any CPU
		{CA08316C-ECE0-4B0B-92B6-1844942976D6}.Debug|Any CPU.Build.0 = Debug|Any CPU
		{CA08316C-ECE0-4B0B-92B6-1844942976D6}.Release|Any CPU.ActiveCfg = Release|Any CPU
		{CA08316C-ECE0-4B0B-92B6-1844942976D6}.Release|Any CPU.Build.0 = Release|Any CPU
		{41CA7336-900C-4331-B2B6-7A2FCEE3CE7E}.Debug|Any CPU.ActiveCfg = Debug|Any CPU
		{41CA7336-900C-4331-B2B6-7A2FCEE3CE7E}.Debug|Any CPU.Build.0 = Debug|Any CPU
		{41CA7336-900C-4331-B2B6-7A2FCEE3CE7E}.Release|Any CPU.ActiveCfg = Release|Any CPU
		{41CA7336-900C-4331-B2B6-7A2FCEE3CE7E}.Release|Any CPU.Build.0 = Release|Any CPU
		{923FC68D-5A2F-4070-B25C-83E220F3D59E}.Debug|Any CPU.ActiveCfg = Debug|Any CPU
		{923FC68D-5A2F-4070-B25C-83E220F3D59E}.Debug|Any CPU.Build.0 = Debug|Any CPU
		{923FC68D-5A2F-4070-B25C-83E220F3D59E}.Release|Any CPU.ActiveCfg = Release|Any CPU
		{923FC68D-5A2F-4070-B25C-83E220F3D59E}.Release|Any CPU.Build.0 = Release|Any CPU
		{12521C15-B9E5-497C-9254-ABFD93B8106F}.Debug|Any CPU.ActiveCfg = Debug|Any CPU
		{12521C15-B9E5-497C-9254-ABFD93B8106F}.Debug|Any CPU.Build.0 = Debug|Any CPU
		{12521C15-B9E5-497C-9254-ABFD93B8106F}.Release|Any CPU.ActiveCfg = Release|Any CPU
		{12521C15-B9E5-497C-9254-ABFD93B8106F}.Release|Any CPU.Build.0 = Release|Any CPU
		{AAD75583-3B61-4B3C-9C46-F2ED6E998DEB}.Debug|Any CPU.ActiveCfg = Debug|Any CPU
		{AAD75583-3B61-4B3C-9C46-F2ED6E998DEB}.Debug|Any CPU.Build.0 = Debug|Any CPU
		{AAD75583-3B61-4B3C-9C46-F2ED6E998DEB}.Release|Any CPU.ActiveCfg = Release|Any CPU
		{AAD75583-3B61-4B3C-9C46-F2ED6E998DEB}.Release|Any CPU.Build.0 = Release|Any CPU
		{26140DC8-A859-4431-9D6E-76EE95D90F3D}.Debug|Any CPU.ActiveCfg = Debug|Any CPU
		{26140DC8-A859-4431-9D6E-76EE95D90F3D}.Debug|Any CPU.Build.0 = Debug|Any CPU
		{26140DC8-A859-4431-9D6E-76EE95D90F3D}.Release|Any CPU.ActiveCfg = Release|Any CPU
		{26140DC8-A859-4431-9D6E-76EE95D90F3D}.Release|Any CPU.Build.0 = Release|Any CPU
		{9742C499-7B1E-496F-9D97-11D32CE7A82F}.Debug|Any CPU.ActiveCfg = Debug|Any CPU
		{9742C499-7B1E-496F-9D97-11D32CE7A82F}.Debug|Any CPU.Build.0 = Debug|Any CPU
		{9742C499-7B1E-496F-9D97-11D32CE7A82F}.Release|Any CPU.ActiveCfg = Release|Any CPU
		{9742C499-7B1E-496F-9D97-11D32CE7A82F}.Release|Any CPU.Build.0 = Release|Any CPU
		{015EC51C-19F2-417F-8A0E-3B9CAAC177A9}.Debug|Any CPU.ActiveCfg = Debug|Any CPU
		{015EC51C-19F2-417F-8A0E-3B9CAAC177A9}.Debug|Any CPU.Build.0 = Debug|Any CPU
		{015EC51C-19F2-417F-8A0E-3B9CAAC177A9}.Release|Any CPU.ActiveCfg = Release|Any CPU
		{015EC51C-19F2-417F-8A0E-3B9CAAC177A9}.Release|Any CPU.Build.0 = Release|Any CPU
		{43A3C556-3FD3-4B58-A551-FB1F90F38D3F}.Debug|Any CPU.ActiveCfg = Debug|Any CPU
		{43A3C556-3FD3-4B58-A551-FB1F90F38D3F}.Debug|Any CPU.Build.0 = Debug|Any CPU
		{43A3C556-3FD3-4B58-A551-FB1F90F38D3F}.Release|Any CPU.ActiveCfg = Release|Any CPU
		{43A3C556-3FD3-4B58-A551-FB1F90F38D3F}.Release|Any CPU.Build.0 = Release|Any CPU
		{E7B15ADB-139B-49E6-AD0B-F318876F1EAF}.Debug|Any CPU.ActiveCfg = Debug|Any CPU
		{E7B15ADB-139B-49E6-AD0B-F318876F1EAF}.Debug|Any CPU.Build.0 = Debug|Any CPU
		{E7B15ADB-139B-49E6-AD0B-F318876F1EAF}.Release|Any CPU.ActiveCfg = Release|Any CPU
		{E7B15ADB-139B-49E6-AD0B-F318876F1EAF}.Release|Any CPU.Build.0 = Release|Any CPU
		{6FB1A447-9311-49E5-AE7B-417D74F1F8BF}.Debug|Any CPU.ActiveCfg = Debug|Any CPU
		{6FB1A447-9311-49E5-AE7B-417D74F1F8BF}.Debug|Any CPU.Build.0 = Debug|Any CPU
		{6FB1A447-9311-49E5-AE7B-417D74F1F8BF}.Release|Any CPU.ActiveCfg = Release|Any CPU
		{6FB1A447-9311-49E5-AE7B-417D74F1F8BF}.Release|Any CPU.Build.0 = Release|Any CPU
		{0300DF4F-DCCD-4B79-98EB-1963E71C3374}.Debug|Any CPU.ActiveCfg = Debug|Any CPU
		{0300DF4F-DCCD-4B79-98EB-1963E71C3374}.Debug|Any CPU.Build.0 = Debug|Any CPU
		{0300DF4F-DCCD-4B79-98EB-1963E71C3374}.Release|Any CPU.ActiveCfg = Release|Any CPU
		{0300DF4F-DCCD-4B79-98EB-1963E71C3374}.Release|Any CPU.Build.0 = Release|Any CPU
		{0613D083-B225-47F7-8759-21EF5C1A8A2E}.Debug|Any CPU.ActiveCfg = Debug|Any CPU
		{0613D083-B225-47F7-8759-21EF5C1A8A2E}.Debug|Any CPU.Build.0 = Debug|Any CPU
		{0613D083-B225-47F7-8759-21EF5C1A8A2E}.Release|Any CPU.ActiveCfg = Release|Any CPU
		{0613D083-B225-47F7-8759-21EF5C1A8A2E}.Release|Any CPU.Build.0 = Release|Any CPU
		{8C237C04-4BE5-4EA4-B6CA-5F473A94CB54}.Debug|Any CPU.ActiveCfg = Debug|Any CPU
		{8C237C04-4BE5-4EA4-B6CA-5F473A94CB54}.Debug|Any CPU.Build.0 = Debug|Any CPU
		{8C237C04-4BE5-4EA4-B6CA-5F473A94CB54}.Release|Any CPU.ActiveCfg = Release|Any CPU
		{8C237C04-4BE5-4EA4-B6CA-5F473A94CB54}.Release|Any CPU.Build.0 = Release|Any CPU
		{F3F22370-7D14-4190-8733-E61B95B71BE2}.Debug|Any CPU.ActiveCfg = Debug|Any CPU
		{F3F22370-7D14-4190-8733-E61B95B71BE2}.Debug|Any CPU.Build.0 = Debug|Any CPU
		{F3F22370-7D14-4190-8733-E61B95B71BE2}.Release|Any CPU.ActiveCfg = Release|Any CPU
		{F3F22370-7D14-4190-8733-E61B95B71BE2}.Release|Any CPU.Build.0 = Release|Any CPU
		{EA28B4DB-AA59-4E17-A32C-66083D3F0A7C}.Debug|Any CPU.ActiveCfg = Debug|Any CPU
		{EA28B4DB-AA59-4E17-A32C-66083D3F0A7C}.Debug|Any CPU.Build.0 = Debug|Any CPU
		{EA28B4DB-AA59-4E17-A32C-66083D3F0A7C}.Release|Any CPU.ActiveCfg = Release|Any CPU
		{EA28B4DB-AA59-4E17-A32C-66083D3F0A7C}.Release|Any CPU.Build.0 = Release|Any CPU
		{2260BA6D-D209-4CA6-A0B5-A0C67919D98B}.Debug|Any CPU.ActiveCfg = Debug|Any CPU
		{2260BA6D-D209-4CA6-A0B5-A0C67919D98B}.Debug|Any CPU.Build.0 = Debug|Any CPU
		{2260BA6D-D209-4CA6-A0B5-A0C67919D98B}.Release|Any CPU.ActiveCfg = Release|Any CPU
		{2260BA6D-D209-4CA6-A0B5-A0C67919D98B}.Release|Any CPU.Build.0 = Release|Any CPU
		{2A20A35F-3128-47D2-B6CC-CB661DA90270}.Debug|Any CPU.ActiveCfg = Debug|Any CPU
		{2A20A35F-3128-47D2-B6CC-CB661DA90270}.Debug|Any CPU.Build.0 = Debug|Any CPU
		{2A20A35F-3128-47D2-B6CC-CB661DA90270}.Release|Any CPU.ActiveCfg = Release|Any CPU
		{2A20A35F-3128-47D2-B6CC-CB661DA90270}.Release|Any CPU.Build.0 = Release|Any CPU
		{D323FA12-0673-451B-97A4-00E35BE1B9CA}.Debug|Any CPU.ActiveCfg = Debug|Any CPU
		{D323FA12-0673-451B-97A4-00E35BE1B9CA}.Debug|Any CPU.Build.0 = Debug|Any CPU
		{D323FA12-0673-451B-97A4-00E35BE1B9CA}.Release|Any CPU.ActiveCfg = Release|Any CPU
		{D323FA12-0673-451B-97A4-00E35BE1B9CA}.Release|Any CPU.Build.0 = Release|Any CPU
		{E4BED55C-B427-4E05-808F-EFE6DA19AFB8}.Debug|Any CPU.ActiveCfg = Debug|Any CPU
		{E4BED55C-B427-4E05-808F-EFE6DA19AFB8}.Debug|Any CPU.Build.0 = Debug|Any CPU
		{E4BED55C-B427-4E05-808F-EFE6DA19AFB8}.Release|Any CPU.ActiveCfg = Release|Any CPU
		{E4BED55C-B427-4E05-808F-EFE6DA19AFB8}.Release|Any CPU.Build.0 = Release|Any CPU
		{E5F416A7-5C80-4818-9A8C-1FA649EBEA1A}.Debug|Any CPU.ActiveCfg = Debug|Any CPU
		{E5F416A7-5C80-4818-9A8C-1FA649EBEA1A}.Debug|Any CPU.Build.0 = Debug|Any CPU
		{E5F416A7-5C80-4818-9A8C-1FA649EBEA1A}.Release|Any CPU.ActiveCfg = Release|Any CPU
		{E5F416A7-5C80-4818-9A8C-1FA649EBEA1A}.Release|Any CPU.Build.0 = Release|Any CPU
		{F4ED00BF-3A16-44C7-8201-D1155CAB4E5E}.Debug|Any CPU.ActiveCfg = Debug|Any CPU
		{F4ED00BF-3A16-44C7-8201-D1155CAB4E5E}.Debug|Any CPU.Build.0 = Debug|Any CPU
		{F4ED00BF-3A16-44C7-8201-D1155CAB4E5E}.Release|Any CPU.ActiveCfg = Release|Any CPU
		{F4ED00BF-3A16-44C7-8201-D1155CAB4E5E}.Release|Any CPU.Build.0 = Release|Any CPU
		{68CB2D59-D958-49F1-BDB0-B1FB5011DB40}.Debug|Any CPU.ActiveCfg = Debug|Any CPU
		{68CB2D59-D958-49F1-BDB0-B1FB5011DB40}.Debug|Any CPU.Build.0 = Debug|Any CPU
		{68CB2D59-D958-49F1-BDB0-B1FB5011DB40}.Release|Any CPU.ActiveCfg = Release|Any CPU
		{68CB2D59-D958-49F1-BDB0-B1FB5011DB40}.Release|Any CPU.Build.0 = Release|Any CPU
		{2E2404C2-CB9D-41B2-831A-DC53845B6410}.Debug|Any CPU.ActiveCfg = Debug|Any CPU
		{2E2404C2-CB9D-41B2-831A-DC53845B6410}.Debug|Any CPU.Build.0 = Debug|Any CPU
		{2E2404C2-CB9D-41B2-831A-DC53845B6410}.Release|Any CPU.ActiveCfg = Release|Any CPU
		{2E2404C2-CB9D-41B2-831A-DC53845B6410}.Release|Any CPU.Build.0 = Release|Any CPU
		{5E4B552C-8660-43F4-A45E-E4531032BE5C}.Debug|Any CPU.ActiveCfg = Debug|Any CPU
		{5E4B552C-8660-43F4-A45E-E4531032BE5C}.Debug|Any CPU.Build.0 = Debug|Any CPU
		{5E4B552C-8660-43F4-A45E-E4531032BE5C}.Release|Any CPU.ActiveCfg = Release|Any CPU
		{5E4B552C-8660-43F4-A45E-E4531032BE5C}.Release|Any CPU.Build.0 = Release|Any CPU
		{443ECB96-B9B9-45E2-9B05-E8560CC5BF83}.Debug|Any CPU.ActiveCfg = Debug|Any CPU
		{443ECB96-B9B9-45E2-9B05-E8560CC5BF83}.Debug|Any CPU.Build.0 = Debug|Any CPU
		{443ECB96-B9B9-45E2-9B05-E8560CC5BF83}.Release|Any CPU.ActiveCfg = Release|Any CPU
		{443ECB96-B9B9-45E2-9B05-E8560CC5BF83}.Release|Any CPU.Build.0 = Release|Any CPU
		{5FF85234-F564-4CB3-AE49-60B1A5B2F61C}.Debug|Any CPU.ActiveCfg = Debug|Any CPU
		{5FF85234-F564-4CB3-AE49-60B1A5B2F61C}.Debug|Any CPU.Build.0 = Debug|Any CPU
		{5FF85234-F564-4CB3-AE49-60B1A5B2F61C}.Release|Any CPU.ActiveCfg = Release|Any CPU
		{5FF85234-F564-4CB3-AE49-60B1A5B2F61C}.Release|Any CPU.Build.0 = Release|Any CPU
		{A1B1FA79-5BC9-48CB-8914-F1CB33325FBA}.Debug|Any CPU.ActiveCfg = Debug|Any CPU
		{A1B1FA79-5BC9-48CB-8914-F1CB33325FBA}.Debug|Any CPU.Build.0 = Debug|Any CPU
		{A1B1FA79-5BC9-48CB-8914-F1CB33325FBA}.Release|Any CPU.ActiveCfg = Release|Any CPU
		{A1B1FA79-5BC9-48CB-8914-F1CB33325FBA}.Release|Any CPU.Build.0 = Release|Any CPU
	EndGlobalSection
	GlobalSection(SolutionProperties) = preSolution
		HideSolutionNode = FALSE
	EndGlobalSection
	GlobalSection(NestedProjects) = preSolution
		{AAE75237-7980-4952-A499-48D4FE0F4B76} = {FC83F4CC-E0AA-4630-9CB3-A218B7DADCCD}
		{BCD70F42-B32E-41F7-ADC9-F4167E1F8054} = {BB09AF1F-963E-4977-9FFC-07E0C1435888}
		{FC83F4CC-E0AA-4630-9CB3-A218B7DADCCD} = {A6AB8166-B3FD-45D7-8581-1600D4AE87AE}
		{BB09AF1F-963E-4977-9FFC-07E0C1435888} = {A6AB8166-B3FD-45D7-8581-1600D4AE87AE}
		{A93B4FC1-E791-472E-A314-C4F3F3379A59} = {FC83F4CC-E0AA-4630-9CB3-A218B7DADCCD}
		{75738243-BAA6-434A-9CDF-33836735A32A} = {EAB527D4-FB74-42D0-AEF2-9480AA5735F8}
		{EACD7579-24EB-4032-BF74-2C6125C62403} = {EAB527D4-FB74-42D0-AEF2-9480AA5735F8}
		{FE7BD5E0-31FF-45A0-AFDD-CD7C4304C19B} = {EAB527D4-FB74-42D0-AEF2-9480AA5735F8}
		{CA08316C-ECE0-4B0B-92B6-1844942976D6} = {34A63B4C-9704-4DF0-8C0D-6C8DB7414098}
		{41CA7336-900C-4331-B2B6-7A2FCEE3CE7E} = {34A63B4C-9704-4DF0-8C0D-6C8DB7414098}
		{923FC68D-5A2F-4070-B25C-83E220F3D59E} = {34A63B4C-9704-4DF0-8C0D-6C8DB7414098}
		{12521C15-B9E5-497C-9254-ABFD93B8106F} = {8CC230FD-926B-448A-B6C5-115A0AC48AC8}
		{AAD75583-3B61-4B3C-9C46-F2ED6E998DEB} = {8CC230FD-926B-448A-B6C5-115A0AC48AC8}
		{26140DC8-A859-4431-9D6E-76EE95D90F3D} = {8CC230FD-926B-448A-B6C5-115A0AC48AC8}
		{9742C499-7B1E-496F-9D97-11D32CE7A82F} = {617C74E0-9608-46BF-B459-6D909E11C526}
		{015EC51C-19F2-417F-8A0E-3B9CAAC177A9} = {617C74E0-9608-46BF-B459-6D909E11C526}
		{43A3C556-3FD3-4B58-A551-FB1F90F38D3F} = {617C74E0-9608-46BF-B459-6D909E11C526}
		{E7B15ADB-139B-49E6-AD0B-F318876F1EAF} = {617C74E0-9608-46BF-B459-6D909E11C526}
		{0300DF4F-DCCD-4B79-98EB-1963E71C3374} = {23A60CB1-3A62-4509-B8A1-FFF447EB86C0}
		{1BE9535F-F155-4A09-BDB7-59289F4CEF85} = {23A60CB1-3A62-4509-B8A1-FFF447EB86C0}
		{AFB0D96B-39E8-4602-B9C7-FC6DE9E41380} = {1BE9535F-F155-4A09-BDB7-59289F4CEF85}
		{F5A4B450-4171-4497-B4DC-75FA187AB6E0} = {1BE9535F-F155-4A09-BDB7-59289F4CEF85}
		{0613D083-B225-47F7-8759-21EF5C1A8A2E} = {AFB0D96B-39E8-4602-B9C7-FC6DE9E41380}
		{8C237C04-4BE5-4EA4-B6CA-5F473A94CB54} = {F5A4B450-4171-4497-B4DC-75FA187AB6E0}
		{F3F22370-7D14-4190-8733-E61B95B71BE2} = {1586AF31-E736-43BC-8170-C2B96B7888AC}
		{2260BA6D-D209-4CA6-A0B5-A0C67919D98B} = {1586AF31-E736-43BC-8170-C2B96B7888AC}
		{2A20A35F-3128-47D2-B6CC-CB661DA90270} = {1586AF31-E736-43BC-8170-C2B96B7888AC}
		{D323FA12-0673-451B-97A4-00E35BE1B9CA} = {1586AF31-E736-43BC-8170-C2B96B7888AC}
		{E4BED55C-B427-4E05-808F-EFE6DA19AFB8} = {1586AF31-E736-43BC-8170-C2B96B7888AC}
		{E5F416A7-5C80-4818-9A8C-1FA649EBEA1A} = {1586AF31-E736-43BC-8170-C2B96B7888AC}
		{F4ED00BF-3A16-44C7-8201-D1155CAB4E5E} = {1586AF31-E736-43BC-8170-C2B96B7888AC}
		{68CB2D59-D958-49F1-BDB0-B1FB5011DB40} = {1586AF31-E736-43BC-8170-C2B96B7888AC}
		{2E2404C2-CB9D-41B2-831A-DC53845B6410} = {EC5C5F24-2E2B-437A-8169-FD81774B9685}
		{5E4B552C-8660-43F4-A45E-E4531032BE5C} = {EC5C5F24-2E2B-437A-8169-FD81774B9685}
		{443ECB96-B9B9-45E2-9B05-E8560CC5BF83} = {366DA046-6B56-428E-BC2C-471C94D34A4C}
		{366DA046-6B56-428E-BC2C-471C94D34A4C} = {3AE1ED5F-3501-4DB7-B33E-2BBD089C6739}
		{5FF85234-F564-4CB3-AE49-60B1A5B2F61C} = {366DA046-6B56-428E-BC2C-471C94D34A4C}
		{39CC9946-A3CA-4224-84B4-FB0402136DFF} = {3AE1ED5F-3501-4DB7-B33E-2BBD089C6739}
		{A1B1FA79-5BC9-48CB-8914-F1CB33325FBA} = {39CC9946-A3CA-4224-84B4-FB0402136DFF}
		{5E0E9870-B0F1-477C-A277-95DB6B70DEF6} = {3AE1ED5F-3501-4DB7-B33E-2BBD089C6739}
	EndGlobalSection
	GlobalSection(ExtensibilityGlobals) = postSolution
		SolutionGuid = {019F91EE-C387-4666-9B66-DD1B9E979CA5}
	EndGlobalSection
EndGlobal
